// !$*UTF8*$!
{
	archiveVersion = 1;
	classes = {
	};
	objectVersion = 56;
	objects = {

/* Begin PBXBuildFile section */
		6036B0BC2C22BE1F000B1969 /* WeatherApp.swift in Sources */ = {isa = PBXBuildFile; fileRef = 6036B0BB2C22BE1F000B1969 /* WeatherApp.swift */; };
		6036B0BE2C22BE1F000B1969 /* HomeView.swift in Sources */ = {isa = PBXBuildFile; fileRef = 6036B0BD2C22BE1F000B1969 /* HomeView.swift */; };
		6036B0C02C22BE20000B1969 /* Assets.xcassets in Resources */ = {isa = PBXBuildFile; fileRef = 6036B0BF2C22BE20000B1969 /* Assets.xcassets */; };
		6036B0C32C22BE20000B1969 /* Preview Assets.xcassets in Resources */ = {isa = PBXBuildFile; fileRef = 6036B0C22C22BE20000B1969 /* Preview Assets.xcassets */; };
		6036B0D72C22DB72000B1969 /* Data in Frameworks */ = {isa = PBXBuildFile; productRef = 6036B0D62C22DB72000B1969 /* Data */; };
		6066F1E12C23D83E0071DED2 /* Factory in Frameworks */ = {isa = PBXBuildFile; productRef = 6066F1E02C23D83E0071DED2 /* Factory */; };
		6066F1E42C23D8A30071DED2 /* Container+Injection.swift in Sources */ = {isa = PBXBuildFile; fileRef = 6066F1E32C23D8A30071DED2 /* Container+Injection.swift */; };
		6066F1E82C241E360071DED2 /* Domain in Frameworks */ = {isa = PBXBuildFile; productRef = 6066F1E72C241E360071DED2 /* Domain */; };
		6066F1F02C2522D70071DED2 /* ImageLoader.swift in Sources */ = {isa = PBXBuildFile; fileRef = 6066F1EF2C2522D70071DED2 /* ImageLoader.swift */; };
		6066F1F32C2523F70071DED2 /* SDWebImageSwiftUI in Frameworks */ = {isa = PBXBuildFile; productRef = 6066F1F22C2523F70071DED2 /* SDWebImageSwiftUI */; };
		6066F1F52C2525EC0071DED2 /* WeatherCell.swift in Sources */ = {isa = PBXBuildFile; fileRef = 6066F1F42C2525EC0071DED2 /* WeatherCell.swift */; };
		608090912C2561B800F28EED /* SearchListView.swift in Sources */ = {isa = PBXBuildFile; fileRef = 608090902C2561B800F28EED /* SearchListView.swift */; };
		608090932C2563ED00F28EED /* LoadingView.swift in Sources */ = {isa = PBXBuildFile; fileRef = 608090922C2563ED00F28EED /* LoadingView.swift */; };
		608090952C2564EC00F28EED /* HomeViewModel.swift in Sources */ = {isa = PBXBuildFile; fileRef = 608090942C2564EC00F28EED /* HomeViewModel.swift */; };
		608090972C2568A500F28EED /* Network in Frameworks */ = {isa = PBXBuildFile; productRef = 608090962C2568A500F28EED /* Network */; };
		6080909A2C256E1900F28EED /* SwipeActions in Frameworks */ = {isa = PBXBuildFile; productRef = 608090992C256E1900F28EED /* SwipeActions */; };
/* End PBXBuildFile section */

/* Begin PBXFileReference section */
		6036B0B82C22BE1F000B1969 /* Weather.app */ = {isa = PBXFileReference; explicitFileType = wrapper.application; includeInIndex = 0; path = Weather.app; sourceTree = BUILT_PRODUCTS_DIR; };
		6036B0BB2C22BE1F000B1969 /* WeatherApp.swift */ = {isa = PBXFileReference; lastKnownFileType = sourcecode.swift; path = WeatherApp.swift; sourceTree = "<group>"; };
		6036B0BD2C22BE1F000B1969 /* HomeView.swift */ = {isa = PBXFileReference; lastKnownFileType = sourcecode.swift; path = HomeView.swift; sourceTree = "<group>"; };
		6036B0BF2C22BE20000B1969 /* Assets.xcassets */ = {isa = PBXFileReference; lastKnownFileType = folder.assetcatalog; path = Assets.xcassets; sourceTree = "<group>"; };
		6036B0C22C22BE20000B1969 /* Preview Assets.xcassets */ = {isa = PBXFileReference; lastKnownFileType = folder.assetcatalog; path = "Preview Assets.xcassets"; sourceTree = "<group>"; };
		6036B0D32C22D9F6000B1969 /* Network */ = {isa = PBXFileReference; lastKnownFileType = wrapper; path = Network; sourceTree = "<group>"; };
		6036B0D42C22DA67000B1969 /* Data */ = {isa = PBXFileReference; lastKnownFileType = wrapper; path = Data; sourceTree = "<group>"; };
		6036B0D52C22DB6A000B1969 /* Info.plist */ = {isa = PBXFileReference; lastKnownFileType = text.plist; path = Info.plist; sourceTree = "<group>"; };
		6066F1E32C23D8A30071DED2 /* Container+Injection.swift */ = {isa = PBXFileReference; lastKnownFileType = sourcecode.swift; path = "Container+Injection.swift"; sourceTree = "<group>"; };
		6066F1E62C2412F10071DED2 /* Domain */ = {isa = PBXFileReference; lastKnownFileType = wrapper; path = Domain; sourceTree = "<group>"; };
		6066F1EF2C2522D70071DED2 /* ImageLoader.swift */ = {isa = PBXFileReference; lastKnownFileType = sourcecode.swift; path = ImageLoader.swift; sourceTree = "<group>"; };
		6066F1F42C2525EC0071DED2 /* WeatherCell.swift */ = {isa = PBXFileReference; lastKnownFileType = sourcecode.swift; path = WeatherCell.swift; sourceTree = "<group>"; };
		608090902C2561B800F28EED /* SearchListView.swift */ = {isa = PBXFileReference; lastKnownFileType = sourcecode.swift; path = SearchListView.swift; sourceTree = "<group>"; };
		608090922C2563ED00F28EED /* LoadingView.swift */ = {isa = PBXFileReference; lastKnownFileType = sourcecode.swift; path = LoadingView.swift; sourceTree = "<group>"; };
		608090942C2564EC00F28EED /* HomeViewModel.swift */ = {isa = PBXFileReference; lastKnownFileType = sourcecode.swift; path = HomeViewModel.swift; sourceTree = "<group>"; };
/* End PBXFileReference section */

/* Begin PBXFrameworksBuildPhase section */
		6036B0B52C22BE1F000B1969 /* Frameworks */ = {
			isa = PBXFrameworksBuildPhase;
			buildActionMask = 2147483647;
			files = (
				6066F1F32C2523F70071DED2 /* SDWebImageSwiftUI in Frameworks */,
				6080909A2C256E1900F28EED /* SwipeActions in Frameworks */,
				6066F1E12C23D83E0071DED2 /* Factory in Frameworks */,
				6036B0D72C22DB72000B1969 /* Data in Frameworks */,
				6066F1E82C241E360071DED2 /* Domain in Frameworks */,
				608090972C2568A500F28EED /* Network in Frameworks */,
			);
			runOnlyForDeploymentPostprocessing = 0;
		};
/* End PBXFrameworksBuildPhase section */

/* Begin PBXGroup section */
		6036B0AF2C22BE1E000B1969 = {
			isa = PBXGroup;
			children = (
				6036B0C92C22BFEB000B1969 /* Packages */,
				6036B0BA2C22BE1F000B1969 /* Weather */,
				6036B0B92C22BE1F000B1969 /* Products */,
				6036B0CB2C22C156000B1969 /* Frameworks */,
			);
			sourceTree = "<group>";
		};
		6036B0B92C22BE1F000B1969 /* Products */ = {
			isa = PBXGroup;
			children = (
				6036B0B82C22BE1F000B1969 /* Weather.app */,
			);
			name = Products;
			sourceTree = "<group>";
		};
		6036B0BA2C22BE1F000B1969 /* Weather */ = {
			isa = PBXGroup;
			children = (
				6066F1EE2C2522C20071DED2 /* Components */,
				6066F1E22C23D88A0071DED2 /* DI */,
				6036B0BD2C22BE1F000B1969 /* HomeView.swift */,
				608090942C2564EC00F28EED /* HomeViewModel.swift */,
				6036B0BB2C22BE1F000B1969 /* WeatherApp.swift */,
				6036B0BF2C22BE20000B1969 /* Assets.xcassets */,
				6036B0D52C22DB6A000B1969 /* Info.plist */,
				6036B0C12C22BE20000B1969 /* Preview Content */,
			);
			path = Weather;
			sourceTree = "<group>";
		};
		6036B0C12C22BE20000B1969 /* Preview Content */ = {
			isa = PBXGroup;
			children = (
				6036B0C22C22BE20000B1969 /* Preview Assets.xcassets */,
			);
			path = "Preview Content";
			sourceTree = "<group>";
		};
		6036B0C92C22BFEB000B1969 /* Packages */ = {
			isa = PBXGroup;
			children = (
				6066F1E62C2412F10071DED2 /* Domain */,
				6036B0D42C22DA67000B1969 /* Data */,
				6036B0D32C22D9F6000B1969 /* Network */,
			);
			name = Packages;
			sourceTree = "<group>";
		};
		6036B0CB2C22C156000B1969 /* Frameworks */ = {
			isa = PBXGroup;
			children = (
			);
			name = Frameworks;
			sourceTree = "<group>";
		};
		6066F1E22C23D88A0071DED2 /* DI */ = {
			isa = PBXGroup;
			children = (
				6066F1E32C23D8A30071DED2 /* Container+Injection.swift */,
			);
			path = DI;
			sourceTree = "<group>";
		};
		6066F1EE2C2522C20071DED2 /* Components */ = {
			isa = PBXGroup;
			children = (
				6066F1EF2C2522D70071DED2 /* ImageLoader.swift */,
				6066F1F42C2525EC0071DED2 /* WeatherCell.swift */,
				608090902C2561B800F28EED /* SearchListView.swift */,
				608090922C2563ED00F28EED /* LoadingView.swift */,
			);
			path = Components;
			sourceTree = "<group>";
		};
/* End PBXGroup section */

/* Begin PBXNativeTarget section */
		6036B0B72C22BE1F000B1969 /* Weather */ = {
			isa = PBXNativeTarget;
			buildConfigurationList = 6036B0C62C22BE20000B1969 /* Build configuration list for PBXNativeTarget "Weather" */;
			buildPhases = (
				6036B0B42C22BE1F000B1969 /* Sources */,
				6036B0B52C22BE1F000B1969 /* Frameworks */,
				6036B0B62C22BE1F000B1969 /* Resources */,
			);
			buildRules = (
			);
			dependencies = (
			);
			name = Weather;
			packageProductDependencies = (
				6036B0D62C22DB72000B1969 /* Data */,
				6066F1E02C23D83E0071DED2 /* Factory */,
				6066F1E72C241E360071DED2 /* Domain */,
				6066F1F22C2523F70071DED2 /* SDWebImageSwiftUI */,
				608090962C2568A500F28EED /* Network */,
				608090992C256E1900F28EED /* SwipeActions */,
			);
			productName = Weather;
			productReference = 6036B0B82C22BE1F000B1969 /* Weather.app */;
			productType = "com.apple.product-type.application";
		};
/* End PBXNativeTarget section */

/* Begin PBXProject section */
		6036B0B02C22BE1E000B1969 /* Project object */ = {
			isa = PBXProject;
			attributes = {
				BuildIndependentTargetsInParallel = 1;
				LastSwiftUpdateCheck = 1530;
				LastUpgradeCheck = 1530;
				TargetAttributes = {
					6036B0B72C22BE1F000B1969 = {
						CreatedOnToolsVersion = 15.3;
					};
				};
			};
			buildConfigurationList = 6036B0B32C22BE1E000B1969 /* Build configuration list for PBXProject "Weather" */;
			compatibilityVersion = "Xcode 14.0";
			developmentRegion = en;
			hasScannedForEncodings = 0;
			knownRegions = (
				en,
				Base,
			);
			mainGroup = 6036B0AF2C22BE1E000B1969;
			packageReferences = (
				6066F1DF2C23D83E0071DED2 /* XCRemoteSwiftPackageReference "Factory" */,
				6066F1F12C2523F70071DED2 /* XCRemoteSwiftPackageReference "SDWebImageSwiftUI" */,
				608090982C256E1900F28EED /* XCRemoteSwiftPackageReference "SwipeActions" */,
			);
			productRefGroup = 6036B0B92C22BE1F000B1969 /* Products */;
			projectDirPath = "";
			projectRoot = "";
			targets = (
				6036B0B72C22BE1F000B1969 /* Weather */,
			);
		};
/* End PBXProject section */

/* Begin PBXResourcesBuildPhase section */
		6036B0B62C22BE1F000B1969 /* Resources */ = {
			isa = PBXResourcesBuildPhase;
			buildActionMask = 2147483647;
			files = (
				6036B0C32C22BE20000B1969 /* Preview Assets.xcassets in Resources */,
				6036B0C02C22BE20000B1969 /* Assets.xcassets in Resources */,
			);
			runOnlyForDeploymentPostprocessing = 0;
		};
/* End PBXResourcesBuildPhase section */

/* Begin PBXSourcesBuildPhase section */
		6036B0B42C22BE1F000B1969 /* Sources */ = {
			isa = PBXSourcesBuildPhase;
			buildActionMask = 2147483647;
			files = (
				608090912C2561B800F28EED /* SearchListView.swift in Sources */,
				6066F1E42C23D8A30071DED2 /* Container+Injection.swift in Sources */,
				6036B0BE2C22BE1F000B1969 /* HomeView.swift in Sources */,
				608090952C2564EC00F28EED /* HomeViewModel.swift in Sources */,
				6066F1F52C2525EC0071DED2 /* WeatherCell.swift in Sources */,
				6066F1F02C2522D70071DED2 /* ImageLoader.swift in Sources */,
				608090932C2563ED00F28EED /* LoadingView.swift in Sources */,
				6036B0BC2C22BE1F000B1969 /* WeatherApp.swift in Sources */,
			);
			runOnlyForDeploymentPostprocessing = 0;
		};
/* End PBXSourcesBuildPhase section */

/* Begin XCBuildConfiguration section */
		6036B0C42C22BE20000B1969 /* Debug */ = {
			isa = XCBuildConfiguration;
			buildSettings = {
				ALWAYS_SEARCH_USER_PATHS = NO;
				ASSETCATALOG_COMPILER_GENERATE_SWIFT_ASSET_SYMBOL_EXTENSIONS = YES;
				CLANG_ANALYZER_NONNULL = YES;
				CLANG_ANALYZER_NUMBER_OBJECT_CONVERSION = YES_AGGRESSIVE;
				CLANG_CXX_LANGUAGE_STANDARD = "gnu++20";
				CLANG_ENABLE_MODULES = YES;
				CLANG_ENABLE_OBJC_ARC = YES;
				CLANG_ENABLE_OBJC_WEAK = YES;
				CLANG_WARN_BLOCK_CAPTURE_AUTORELEASING = YES;
				CLANG_WARN_BOOL_CONVERSION = YES;
				CLANG_WARN_COMMA = YES;
				CLANG_WARN_CONSTANT_CONVERSION = YES;
				CLANG_WARN_DEPRECATED_OBJC_IMPLEMENTATIONS = YES;
				CLANG_WARN_DIRECT_OBJC_ISA_USAGE = YES_ERROR;
				CLANG_WARN_DOCUMENTATION_COMMENTS = YES;
				CLANG_WARN_EMPTY_BODY = YES;
				CLANG_WARN_ENUM_CONVERSION = YES;
				CLANG_WARN_INFINITE_RECURSION = YES;
				CLANG_WARN_INT_CONVERSION = YES;
				CLANG_WARN_NON_LITERAL_NULL_CONVERSION = YES;
				CLANG_WARN_OBJC_IMPLICIT_RETAIN_SELF = YES;
				CLANG_WARN_OBJC_LITERAL_CONVERSION = YES;
				CLANG_WARN_OBJC_ROOT_CLASS = YES_ERROR;
				CLANG_WARN_QUOTED_INCLUDE_IN_FRAMEWORK_HEADER = YES;
				CLANG_WARN_RANGE_LOOP_ANALYSIS = YES;
				CLANG_WARN_STRICT_PROTOTYPES = YES;
				CLANG_WARN_SUSPICIOUS_MOVE = YES;
				CLANG_WARN_UNGUARDED_AVAILABILITY = YES_AGGRESSIVE;
				CLANG_WARN_UNREACHABLE_CODE = YES;
				CLANG_WARN__DUPLICATE_METHOD_MATCH = YES;
				COPY_PHASE_STRIP = NO;
				DEBUG_INFORMATION_FORMAT = dwarf;
				ENABLE_STRICT_OBJC_MSGSEND = YES;
				ENABLE_TESTABILITY = YES;
				ENABLE_USER_SCRIPT_SANDBOXING = YES;
				GCC_C_LANGUAGE_STANDARD = gnu17;
				GCC_DYNAMIC_NO_PIC = NO;
				GCC_NO_COMMON_BLOCKS = YES;
				GCC_OPTIMIZATION_LEVEL = 0;
				GCC_PREPROCESSOR_DEFINITIONS = (
					"DEBUG=1",
					"$(inherited)",
				);
				GCC_WARN_64_TO_32_BIT_CONVERSION = YES;
				GCC_WARN_ABOUT_RETURN_TYPE = YES_ERROR;
				GCC_WARN_UNDECLARED_SELECTOR = YES;
				GCC_WARN_UNINITIALIZED_AUTOS = YES_AGGRESSIVE;
				GCC_WARN_UNUSED_FUNCTION = YES;
				GCC_WARN_UNUSED_VARIABLE = YES;
				IPHONEOS_DEPLOYMENT_TARGET = 17.4;
				LOCALIZATION_PREFERS_STRING_CATALOGS = YES;
				MTL_ENABLE_DEBUG_INFO = INCLUDE_SOURCE;
				MTL_FAST_MATH = YES;
				ONLY_ACTIVE_ARCH = YES;
				SDKROOT = iphoneos;
				SWIFT_ACTIVE_COMPILATION_CONDITIONS = "DEBUG $(inherited)";
				SWIFT_OPTIMIZATION_LEVEL = "-Onone";
			};
			name = Debug;
		};
		6036B0C52C22BE20000B1969 /* Release */ = {
			isa = XCBuildConfiguration;
			buildSettings = {
				ALWAYS_SEARCH_USER_PATHS = NO;
				ASSETCATALOG_COMPILER_GENERATE_SWIFT_ASSET_SYMBOL_EXTENSIONS = YES;
				CLANG_ANALYZER_NONNULL = YES;
				CLANG_ANALYZER_NUMBER_OBJECT_CONVERSION = YES_AGGRESSIVE;
				CLANG_CXX_LANGUAGE_STANDARD = "gnu++20";
				CLANG_ENABLE_MODULES = YES;
				CLANG_ENABLE_OBJC_ARC = YES;
				CLANG_ENABLE_OBJC_WEAK = YES;
				CLANG_WARN_BLOCK_CAPTURE_AUTORELEASING = YES;
				CLANG_WARN_BOOL_CONVERSION = YES;
				CLANG_WARN_COMMA = YES;
				CLANG_WARN_CONSTANT_CONVERSION = YES;
				CLANG_WARN_DEPRECATED_OBJC_IMPLEMENTATIONS = YES;
				CLANG_WARN_DIRECT_OBJC_ISA_USAGE = YES_ERROR;
				CLANG_WARN_DOCUMENTATION_COMMENTS = YES;
				CLANG_WARN_EMPTY_BODY = YES;
				CLANG_WARN_ENUM_CONVERSION = YES;
				CLANG_WARN_INFINITE_RECURSION = YES;
				CLANG_WARN_INT_CONVERSION = YES;
				CLANG_WARN_NON_LITERAL_NULL_CONVERSION = YES;
				CLANG_WARN_OBJC_IMPLICIT_RETAIN_SELF = YES;
				CLANG_WARN_OBJC_LITERAL_CONVERSION = YES;
				CLANG_WARN_OBJC_ROOT_CLASS = YES_ERROR;
				CLANG_WARN_QUOTED_INCLUDE_IN_FRAMEWORK_HEADER = YES;
				CLANG_WARN_RANGE_LOOP_ANALYSIS = YES;
				CLANG_WARN_STRICT_PROTOTYPES = YES;
				CLANG_WARN_SUSPICIOUS_MOVE = YES;
				CLANG_WARN_UNGUARDED_AVAILABILITY = YES_AGGRESSIVE;
				CLANG_WARN_UNREACHABLE_CODE = YES;
				CLANG_WARN__DUPLICATE_METHOD_MATCH = YES;
				COPY_PHASE_STRIP = NO;
				DEBUG_INFORMATION_FORMAT = "dwarf-with-dsym";
				ENABLE_NS_ASSERTIONS = NO;
				ENABLE_STRICT_OBJC_MSGSEND = YES;
				ENABLE_USER_SCRIPT_SANDBOXING = YES;
				GCC_C_LANGUAGE_STANDARD = gnu17;
				GCC_NO_COMMON_BLOCKS = YES;
				GCC_WARN_64_TO_32_BIT_CONVERSION = YES;
				GCC_WARN_ABOUT_RETURN_TYPE = YES_ERROR;
				GCC_WARN_UNDECLARED_SELECTOR = YES;
				GCC_WARN_UNINITIALIZED_AUTOS = YES_AGGRESSIVE;
				GCC_WARN_UNUSED_FUNCTION = YES;
				GCC_WARN_UNUSED_VARIABLE = YES;
				IPHONEOS_DEPLOYMENT_TARGET = 17.4;
				LOCALIZATION_PREFERS_STRING_CATALOGS = YES;
				MTL_ENABLE_DEBUG_INFO = NO;
				MTL_FAST_MATH = YES;
				SDKROOT = iphoneos;
				SWIFT_COMPILATION_MODE = wholemodule;
				VALIDATE_PRODUCT = YES;
			};
			name = Release;
		};
		6036B0C72C22BE20000B1969 /* Debug */ = {
			isa = XCBuildConfiguration;
			buildSettings = {
				ASSETCATALOG_COMPILER_APPICON_NAME = AppIcon;
				ASSETCATALOG_COMPILER_GLOBAL_ACCENT_COLOR_NAME = AccentColor;
				CODE_SIGN_STYLE = Automatic;
				CURRENT_PROJECT_VERSION = 1;
				DEVELOPMENT_ASSET_PATHS = "\"Weather/Preview Content\"";
				DEVELOPMENT_TEAM = T4FRAKD7KH;
				ENABLE_PREVIEWS = YES;
				GENERATE_INFOPLIST_FILE = YES;
				INFOPLIST_FILE = Weather/Info.plist;
				INFOPLIST_KEY_UIApplicationSceneManifest_Generation = YES;
				INFOPLIST_KEY_UIApplicationSupportsIndirectInputEvents = YES;
				INFOPLIST_KEY_UILaunchScreen_Generation = YES;
				INFOPLIST_KEY_UISupportedInterfaceOrientations_iPad = "UIInterfaceOrientationPortrait UIInterfaceOrientationPortraitUpsideDown UIInterfaceOrientationLandscapeLeft UIInterfaceOrientationLandscapeRight";
				INFOPLIST_KEY_UISupportedInterfaceOrientations_iPhone = "UIInterfaceOrientationPortrait UIInterfaceOrientationLandscapeLeft UIInterfaceOrientationLandscapeRight";
				LD_RUNPATH_SEARCH_PATHS = (
					"$(inherited)",
					"@executable_path/Frameworks",
				);
				MARKETING_VERSION = 1.0;
				PRODUCT_BUNDLE_IDENTIFIER = com.cosmos.Weather;
				PRODUCT_NAME = "$(TARGET_NAME)";
				SWIFT_EMIT_LOC_STRINGS = YES;
				SWIFT_VERSION = 5.0;
				TARGETED_DEVICE_FAMILY = "1,2";
			};
			name = Debug;
		};
		6036B0C82C22BE20000B1969 /* Release */ = {
			isa = XCBuildConfiguration;
			buildSettings = {
				ASSETCATALOG_COMPILER_APPICON_NAME = AppIcon;
				ASSETCATALOG_COMPILER_GLOBAL_ACCENT_COLOR_NAME = AccentColor;
				CODE_SIGN_STYLE = Automatic;
				CURRENT_PROJECT_VERSION = 1;
				DEVELOPMENT_ASSET_PATHS = "\"Weather/Preview Content\"";
				DEVELOPMENT_TEAM = T4FRAKD7KH;
				ENABLE_PREVIEWS = YES;
				GENERATE_INFOPLIST_FILE = YES;
				INFOPLIST_FILE = Weather/Info.plist;
				INFOPLIST_KEY_UIApplicationSceneManifest_Generation = YES;
				INFOPLIST_KEY_UIApplicationSupportsIndirectInputEvents = YES;
				INFOPLIST_KEY_UILaunchScreen_Generation = YES;
				INFOPLIST_KEY_UISupportedInterfaceOrientations_iPad = "UIInterfaceOrientationPortrait UIInterfaceOrientationPortraitUpsideDown UIInterfaceOrientationLandscapeLeft UIInterfaceOrientationLandscapeRight";
				INFOPLIST_KEY_UISupportedInterfaceOrientations_iPhone = "UIInterfaceOrientationPortrait UIInterfaceOrientationLandscapeLeft UIInterfaceOrientationLandscapeRight";
				LD_RUNPATH_SEARCH_PATHS = (
					"$(inherited)",
					"@executable_path/Frameworks",
				);
				MARKETING_VERSION = 1.0;
				PRODUCT_BUNDLE_IDENTIFIER = com.cosmos.Weather;
				PRODUCT_NAME = "$(TARGET_NAME)";
				SWIFT_EMIT_LOC_STRINGS = YES;
				SWIFT_VERSION = 5.0;
				TARGETED_DEVICE_FAMILY = "1,2";
			};
			name = Release;
		};
/* End XCBuildConfiguration section */

/* Begin XCConfigurationList section */
		6036B0B32C22BE1E000B1969 /* Build configuration list for PBXProject "Weather" */ = {
			isa = XCConfigurationList;
			buildConfigurations = (
				6036B0C42C22BE20000B1969 /* Debug */,
				6036B0C52C22BE20000B1969 /* Release */,
			);
			defaultConfigurationIsVisible = 0;
			defaultConfigurationName = Release;
		};
		6036B0C62C22BE20000B1969 /* Build configuration list for PBXNativeTarget "Weather" */ = {
			isa = XCConfigurationList;
			buildConfigurations = (
				6036B0C72C22BE20000B1969 /* Debug */,
				6036B0C82C22BE20000B1969 /* Release */,
			);
			defaultConfigurationIsVisible = 0;
			defaultConfigurationName = Release;
		};
/* End XCConfigurationList section */

/* Begin XCRemoteSwiftPackageReference section */
		6066F1DF2C23D83E0071DED2 /* XCRemoteSwiftPackageReference "Factory" */ = {
			isa = XCRemoteSwiftPackageReference;
			repositoryURL = "https://github.com/hmlongco/Factory.git";
			requirement = {
				kind = upToNextMajorVersion;
				minimumVersion = 2.3.2;
			};
		};
		6066F1F12C2523F70071DED2 /* XCRemoteSwiftPackageReference "SDWebImageSwiftUI" */ = {
			isa = XCRemoteSwiftPackageReference;
			repositoryURL = "https://github.com/SDWebImage/SDWebImageSwiftUI.git";
			requirement = {
				kind = upToNextMajorVersion;
				minimumVersion = 3.0.4;
			};
		};
		608090982C256E1900F28EED /* XCRemoteSwiftPackageReference "SwipeActions" */ = {
			isa = XCRemoteSwiftPackageReference;
			repositoryURL = "https://github.com/c-villain/SwipeActions.git";
			requirement = {
				kind = upToNextMajorVersion;
				minimumVersion = 0.3.5;
			};
		};
/* End XCRemoteSwiftPackageReference section */

/* Begin XCSwiftPackageProductDependency section */
		6036B0D62C22DB72000B1969 /* Data */ = {
			isa = XCSwiftPackageProductDependency;
			productName = Data;
		};
		6066F1E02C23D83E0071DED2 /* Factory */ = {
			isa = XCSwiftPackageProductDependency;
			package = 6066F1DF2C23D83E0071DED2 /* XCRemoteSwiftPackageReference "Factory" */;
			productName = Factory;
		};
		6066F1E72C241E360071DED2 /* Domain */ = {
			isa = XCSwiftPackageProductDependency;
			productName = Domain;
		};
		6066F1F22C2523F70071DED2 /* SDWebImageSwiftUI */ = {
			isa = XCSwiftPackageProductDependency;
			package = 6066F1F12C2523F70071DED2 /* XCRemoteSwiftPackageReference "SDWebImageSwiftUI" */;
			productName = SDWebImageSwiftUI;
		};
		608090962C2568A500F28EED /* Network */ = {
			isa = XCSwiftPackageProductDependency;
			productName = Network;
		};
		608090992C256E1900F28EED /* SwipeActions */ = {
			isa = XCSwiftPackageProductDependency;
			package = 608090982C256E1900F28EED /* XCRemoteSwiftPackageReference "SwipeActions" */;
			productName = SwipeActions;
		};
/* End XCSwiftPackageProductDependency section */
	};
	rootObject = 6036B0B02C22BE1E000B1969 /* Project object */;
}
